
Microsoft Visual Studio Solution File, Format Version 12.00
# Visual Studio Version 17
VisualStudioVersion = 17.13.35919.96 d17.13
MinimumVisualStudioVersion = 10.0.40219.1
Project("{FAE04EC0-301F-11D3-BF4B-00C04F79EFBC}") = "WpfApp1", "WpfApp1.csproj", "{108ADA31-6D1C-4A52-B4C0-A59649EAAC97}"
EndProject
Global
	GlobalSection(SolutionConfigurationPlatforms) = preSolution
		Debug|Any CPU = Debug|Any CPU
		Release|Any CPU = Release|Any CPU
	EndGlobalSection
	GlobalSection(ProjectConfigurationPlatforms) = postSolution
		{108ADA31-6D1C-4A52-B4C0-A59649EAAC97}.Debug|Any CPU.ActiveCfg = Debug|Any CPU
		{108ADA31-6D1C-4A52-B4C0-A59649EAAC97}.Debug|Any CPU.Build.0 = Debug|Any CPU
		{108ADA31-6D1C-4A52-B4C0-A59649EAAC97}.Release|Any CPU.ActiveCfg = Release|Any CPU
		{108ADA31-6D1C-4A52-B4C0-A59649EAAC97}.Release|Any CPU.Build.0 = Release|Any CPU
	EndGlobalSection
	GlobalSection(SolutionProperties) = preSolution
		HideSolutionNode = FALSE
	EndGlobalSection
	GlobalSection(ExtensibilityGlobals) = postSolution
		SolutionGuid = {124F53A1-E6DA-41EA-A1A7-787272AAD448}
	EndGlobalSection
EndGlobal
